
Microsoft Visual Studio Solution File, Format Version 12.00
# Visual Studio Version 16
VisualStudioVersion = 16.0.29728.190
MinimumVisualStudioVersion = 10.0.40219.1
Project("{FAE04EC0-301F-11D3-BF4B-00C04F79EFBC}") = "FormulaGenerator", "FormulaGenerator\FormulaGenerator.csproj", "{D66709BC-F6B1-41C4-975F-70FAC354D251}"
EndProject
Global
	GlobalSection(SolutionConfigurationPlatforms) = preSolution
		Debug|Any CPU = Debug|Any CPU
		Release|Any CPU = Release|Any CPU
	EndGlobalSection
	GlobalSection(ProjectConfigurationPlatforms) = postSolution
		{D66709BC-F6B1-41C4-975F-70FAC354D251}.Debug|Any CPU.ActiveCfg = Debug|Any CPU
		{D66709BC-F6B1-41C4-975F-70FAC354D251}.Debug|Any CPU.Build.0 = Debug|Any CPU
		{D66709BC-F6B1-41C4-975F-70FAC354D251}.Release|Any CPU.ActiveCfg = Release|Any CPU
		{D66709BC-F6B1-41C4-975F-70FAC354D251}.Release|Any CPU.Build.0 = Release|Any CPU
	EndGlobalSection
	GlobalSection(SolutionProperties) = preSolution
		HideSolutionNode = FALSE
	EndGlobalSection
	GlobalSection(ExtensibilityGlobals) = postSolution
		SolutionGuid = {DAD19C5E-EBB7-42C3-8F2D-C01137A6447C}
	EndGlobalSection
EndGlobal
